// !$*UTF8*$!
{
	archiveVersion = 1;
	classes = {
	};
	objectVersion = 46;
	objects = {

/* Begin PBXBuildFile section */
		2B82C1011ACA6097009488C3 /* AppDelegate.swift in Sources */ = {isa = PBXBuildFile; fileRef = 2B82C1001ACA6097009488C3 /* AppDelegate.swift */; };
		2B82C1031ACA6097009488C3 /* ViewController.swift in Sources */ = {isa = PBXBuildFile; fileRef = 2B82C1021ACA6097009488C3 /* ViewController.swift */; };
		2B82C1061ACA6097009488C3 /* Main.storyboard in Resources */ = {isa = PBXBuildFile; fileRef = 2B82C1041ACA6097009488C3 /* Main.storyboard */; };
		2B82C1081ACA6097009488C3 /* Images.xcassets in Resources */ = {isa = PBXBuildFile; fileRef = 2B82C1071ACA6097009488C3 /* Images.xcassets */; };
		2B82C10B1ACA6097009488C3 /* LaunchScreen.xib in Resources */ = {isa = PBXBuildFile; fileRef = 2B82C1091ACA6097009488C3 /* LaunchScreen.xib */; };
		2B82C1171ACA6097009488C3 /* Cat_YearsTests.swift in Sources */ = {isa = PBXBuildFile; fileRef = 2B82C1161ACA6097009488C3 /* Cat_YearsTests.swift */; };
		2B82C1211ACA62CA009488C3 /* 250px-Cat_poster_1.jpg in Resources */ = {isa = PBXBuildFile; fileRef = 2B82C1201ACA62CA009488C3 /* 250px-Cat_poster_1.jpg */; };
/* End PBXBuildFile section */

/* Begin PBXContainerItemProxy section */
		2B82C1111ACA6097009488C3 /* PBXContainerItemProxy */ = {
			isa = PBXContainerItemProxy;
			containerPortal = 2B82C0F31ACA6097009488C3 /* Project object */;
			proxyType = 1;
			remoteGlobalIDString = 2B82C0FA1ACA6097009488C3;
			remoteInfo = "Cat Years";
		};
/* End PBXContainerItemProxy section */

/* Begin PBXFileReference section */
		2B82C0FB1ACA6097009488C3 /* Cat Years.app */ = {isa = PBXFileReference; explicitFileType = wrapper.application; includeInIndex = 0; path = "Cat Years.app"; sourceTree = BUILT_PRODUCTS_DIR; };
		2B82C0FF1ACA6097009488C3 /* Info.plist */ = {isa = PBXFileReference; lastKnownFileType = text.plist.xml; path = Info.plist; sourceTree = "<group>"; };
		2B82C1001ACA6097009488C3 /* AppDelegate.swift */ = {isa = PBXFileReference; lastKnownFileType = sourcecode.swift; path = AppDelegate.swift; sourceTree = "<group>"; };
		2B82C1021ACA6097009488C3 /* ViewController.swift */ = {isa = PBXFileReference; lastKnownFileType = sourcecode.swift; path = ViewController.swift; sourceTree = "<group>"; };
		2B82C1051ACA6097009488C3 /* Base */ = {isa = PBXFileReference; lastKnownFileType = file.storyboard; name = Base; path = Base.lproj/Main.storyboard; sourceTree = "<group>"; };
		2B82C1071ACA6097009488C3 /* Images.xcassets */ = {isa = PBXFileReference; lastKnownFileType = folder.assetcatalog; path = Images.xcassets; sourceTree = "<group>"; };
		2B82C10A1ACA6097009488C3 /* Base */ = {isa = PBXFileReference; lastKnownFileType = file.xib; name = Base; path = Base.lproj/LaunchScreen.xib; sourceTree = "<group>"; };
		2B82C1101ACA6097009488C3 /* Cat YearsTests.xctest */ = {isa = PBXFileReference; explicitFileType = wrapper.cfbundle; includeInIndex = 0; path = "Cat YearsTests.xctest"; sourceTree = BUILT_PRODUCTS_DIR; };
		2B82C1151ACA6097009488C3 /* Info.plist */ = {isa = PBXFileReference; lastKnownFileType = text.plist.xml; path = Info.plist; sourceTree = "<group>"; };
		2B82C1161ACA6097009488C3 /* Cat_YearsTests.swift */ = {isa = PBXFileReference; lastKnownFileType = sourcecode.swift; path = Cat_YearsTests.swift; sourceTree = "<group>"; };
		2B82C1201ACA62CA009488C3 /* 250px-Cat_poster_1.jpg */ = {isa = PBXFileReference; lastKnownFileType = image.jpeg; path = "250px-Cat_poster_1.jpg"; sourceTree = "<group>"; };
/* End PBXFileReference section */

/* Begin PBXFrameworksBuildPhase section */
		2B82C0F81ACA6097009488C3 /* Frameworks */ = {
			isa = PBXFrameworksBuildPhase;
			buildActionMask = 2147483647;
			files = (
			);
			runOnlyForDeploymentPostprocessing = 0;
		};
		2B82C10D1ACA6097009488C3 /* Frameworks */ = {
			isa = PBXFrameworksBuildPhase;
			buildActionMask = 2147483647;
			files = (
			);
			runOnlyForDeploymentPostprocessing = 0;
		};
/* End PBXFrameworksBuildPhase section */

/* Begin PBXGroup section */
		2B82C0F21ACA6097009488C3 = {
			isa = PBXGroup;
			children = (
				2B82C0FD1ACA6097009488C3 /* Cat Years */,
				2B82C1131ACA6097009488C3 /* Cat YearsTests */,
				2B82C0FC1ACA6097009488C3 /* Products */,
			);
			sourceTree = "<group>";
		};
		2B82C0FC1ACA6097009488C3 /* Products */ = {
			isa = PBXGroup;
			children = (
				2B82C0FB1ACA6097009488C3 /* Cat Years.app */,
				2B82C1101ACA6097009488C3 /* Cat YearsTests.xctest */,
			);
			name = Products;
			sourceTree = "<group>";
		};
		2B82C0FD1ACA6097009488C3 /* Cat Years */ = {
			isa = PBXGroup;
			children = (
				2B82C1001ACA6097009488C3 /* AppDelegate.swift */,
				2B82C1021ACA6097009488C3 /* ViewController.swift */,
				2B82C1041ACA6097009488C3 /* Main.storyboard */,
				2B82C1201ACA62CA009488C3 /* 250px-Cat_poster_1.jpg */,
				2B82C1071ACA6097009488C3 /* Images.xcassets */,
				2B82C1091ACA6097009488C3 /* LaunchScreen.xib */,
				2B82C0FE1ACA6097009488C3 /* Supporting Files */,
			);
			path = "Cat Years";
			sourceTree = "<group>";
		};
		2B82C0FE1ACA6097009488C3 /* Supporting Files */ = {
			isa = PBXGroup;
			children = (
				2B82C0FF1ACA6097009488C3 /* Info.plist */,
			);
			name = "Supporting Files";
			sourceTree = "<group>";
		};
		2B82C1131ACA6097009488C3 /* Cat YearsTests */ = {
			isa = PBXGroup;
			children = (
				2B82C1161ACA6097009488C3 /* Cat_YearsTests.swift */,
				2B82C1141ACA6097009488C3 /* Supporting Files */,
			);
			path = "Cat YearsTests";
			sourceTree = "<group>";
		};
		2B82C1141ACA6097009488C3 /* Supporting Files */ = {
			isa = PBXGroup;
			children = (
				2B82C1151ACA6097009488C3 /* Info.plist */,
			);
			name = "Supporting Files";
			sourceTree = "<group>";
		};
/* End PBXGroup section */

/* Begin PBXNativeTarget section */
		2B82C0FA1ACA6097009488C3 /* Cat Years */ = {
			isa = PBXNativeTarget;
			buildConfigurationList = 2B82C11A1ACA6097009488C3 /* Build configuration list for PBXNativeTarget "Cat Years" */;
			buildPhases = (
				2B82C0F71ACA6097009488C3 /* Sources */,
				2B82C0F81ACA6097009488C3 /* Frameworks */,
				2B82C0F91ACA6097009488C3 /* Resources */,
			);
			buildRules = (
			);
			dependencies = (
			);
			name = "Cat Years";
			productName = "Cat Years";
			productReference = 2B82C0FB1ACA6097009488C3 /* Cat Years.app */;
			productType = "com.apple.product-type.application";
		};
		2B82C10F1ACA6097009488C3 /* Cat YearsTests */ = {
			isa = PBXNativeTarget;
			buildConfigurationList = 2B82C11D1ACA6097009488C3 /* Build configuration list for PBXNativeTarget "Cat YearsTests" */;
			buildPhases = (
				2B82C10C1ACA6097009488C3 /* Sources */,
				2B82C10D1ACA6097009488C3 /* Frameworks */,
				2B82C10E1ACA6097009488C3 /* Resources */,
			);
			buildRules = (
			);
			dependencies = (
				2B82C1121ACA6097009488C3 /* PBXTargetDependency */,
			);
			name = "Cat YearsTests";
			productName = "Cat YearsTests";
			productReference = 2B82C1101ACA6097009488C3 /* Cat YearsTests.xctest */;
			productType = "com.apple.product-type.bundle.unit-test";
		};
/* End PBXNativeTarget section */

/* Begin PBXProject section */
		2B82C0F31ACA6097009488C3 /* Project object */ = {
			isa = PBXProject;
			attributes = {
				LastSwiftMigration = 0700;
				LastSwiftUpdateCheck = 0700;
				LastUpgradeCheck = 0700;
				ORGANIZATIONNAME = edtechl;
				TargetAttributes = {
					2B82C0FA1ACA6097009488C3 = {
						CreatedOnToolsVersion = 6.2;
					};
					2B82C10F1ACA6097009488C3 = {
						CreatedOnToolsVersion = 6.2;
						TestTargetID = 2B82C0FA1ACA6097009488C3;
					};
				};
			};
			buildConfigurationList = 2B82C0F61ACA6097009488C3 /* Build configuration list for PBXProject "Cat Years" */;
			compatibilityVersion = "Xcode 3.2";
			developmentRegion = English;
			hasScannedForEncodings = 0;
			knownRegions = (
				en,
				Base,
			);
			mainGroup = 2B82C0F21ACA6097009488C3;
			productRefGroup = 2B82C0FC1ACA6097009488C3 /* Products */;
			projectDirPath = "";
			projectRoot = "";
			targets = (
				2B82C0FA1ACA6097009488C3 /* Cat Years */,
				2B82C10F1ACA6097009488C3 /* Cat YearsTests */,
			);
		};
/* End PBXProject section */

/* Begin PBXResourcesBuildPhase section */
		2B82C0F91ACA6097009488C3 /* Resources */ = {
			isa = PBXResourcesBuildPhase;
			buildActionMask = 2147483647;
			files = (
				2B82C1061ACA6097009488C3 /* Main.storyboard in Resources */,
				2B82C1211ACA62CA009488C3 /* 250px-Cat_poster_1.jpg in Resources */,
				2B82C10B1ACA6097009488C3 /* LaunchScreen.xib in Resources */,
				2B82C1081ACA6097009488C3 /* Images.xcassets in Resources */,
			);
			runOnlyForDeploymentPostprocessing = 0;
		};
		2B82C10E1ACA6097009488C3 /* Resources */ = {
			isa = PBXResourcesBuildPhase;
			buildActionMask = 2147483647;
			files = (
			);
			runOnlyForDeploymentPostprocessing = 0;
		};
/* End PBXResourcesBuildPhase section */

/* Begin PBXSourcesBuildPhase section */
		2B82C0F71ACA6097009488C3 /* Sources */ = {
			isa = PBXSourcesBuildPhase;
			buildActionMask = 2147483647;
			files = (
				2B82C1031ACA6097009488C3 /* ViewController.swift in Sources */,
				2B82C1011ACA6097009488C3 /* AppDelegate.swift in Sources */,
			);
			runOnlyForDeploymentPostprocessing = 0;
		};
		2B82C10C1ACA6097009488C3 /* Sources */ = {
			isa = PBXSourcesBuildPhase;
			buildActionMask = 2147483647;
			files = (
				2B82C1171ACA6097009488C3 /* Cat_YearsTests.swift in Sources */,
			);
			runOnlyForDeploymentPostprocessing = 0;
		};
/* End PBXSourcesBuildPhase section */

/* Begin PBXTargetDependency section */
		2B82C1121ACA6097009488C3 /* PBXTargetDependency */ = {
			isa = PBXTargetDependency;
			target = 2B82C0FA1ACA6097009488C3 /* Cat Years */;
			targetProxy = 2B82C1111ACA6097009488C3 /* PBXContainerItemProxy */;
		};
/* End PBXTargetDependency section */

/* Begin PBXVariantGroup section */
		2B82C1041ACA6097009488C3 /* Main.storyboard */ = {
			isa = PBXVariantGroup;
			children = (
				2B82C1051ACA6097009488C3 /* Base */,
			);
			name = Main.storyboard;
			sourceTree = "<group>";
		};
		2B82C1091ACA6097009488C3 /* LaunchScreen.xib */ = {
			isa = PBXVariantGroup;
			children = (
				2B82C10A1ACA6097009488C3 /* Base */,
			);
			name = LaunchScreen.xib;
			sourceTree = "<group>";
		};
/* End PBXVariantGroup section */

/* Begin XCBuildConfiguration section */
		2B82C1181ACA6097009488C3 /* Debug */ = {
			isa = XCBuildConfiguration;
			buildSettings = {
				ALWAYS_SEARCH_USER_PATHS = NO;
				CLANG_CXX_LANGUAGE_STANDARD = "gnu++0x";
				CLANG_CXX_LIBRARY = "libc++";
				CLANG_ENABLE_MODULES = YES;
				CLANG_ENABLE_OBJC_ARC = YES;
				CLANG_WARN_BOOL_CONVERSION = YES;
				CLANG_WARN_CONSTANT_CONVERSION = YES;
				CLANG_WARN_DIRECT_OBJC_ISA_USAGE = YES_ERROR;
				CLANG_WARN_EMPTY_BODY = YES;
				CLANG_WARN_ENUM_CONVERSION = YES;
				CLANG_WARN_INT_CONVERSION = YES;
				CLANG_WARN_OBJC_ROOT_CLASS = YES_ERROR;
				CLANG_WARN_UNREACHABLE_CODE = YES;
				CLANG_WARN__DUPLICATE_METHOD_MATCH = YES;
				"CODE_SIGN_IDENTITY[sdk=iphoneos*]" = "iPhone Developer";
				COPY_PHASE_STRIP = NO;
				ENABLE_STRICT_OBJC_MSGSEND = YES;
				ENABLE_TESTABILITY = YES;
				GCC_C_LANGUAGE_STANDARD = gnu99;
				GCC_DYNAMIC_NO_PIC = NO;
				GCC_OPTIMIZATION_LEVEL = 0;
				GCC_PREPROCESSOR_DEFINITIONS = (
					"DEBUG=1",
					"$(inherited)",
				);
				GCC_SYMBOLS_PRIVATE_EXTERN = NO;
				GCC_WARN_64_TO_32_BIT_CONVERSION = YES;
				GCC_WARN_ABOUT_RETURN_TYPE = YES_ERROR;
				GCC_WARN_UNDECLARED_SELECTOR = YES;
				GCC_WARN_UNINITIALIZED_AUTOS = YES_AGGRESSIVE;
				GCC_WARN_UNUSED_FUNCTION = YES;
				GCC_WARN_UNUSED_VARIABLE = YES;
				IPHONEOS_DEPLOYMENT_TARGET = 8.2;
				MTL_ENABLE_DEBUG_INFO = YES;
				ONLY_ACTIVE_ARCH = YES;
				SDKROOT = iphoneos;
				SWIFT_OPTIMIZATION_LEVEL = "-Onone";
			};
			name = Debug;
		};
		2B82C1191ACA6097009488C3 /* Release */ = {
			isa = XCBuildConfiguration;
			buildSettings = {
				ALWAYS_SEARCH_USER_PATHS = NO;
				CLANG_CXX_LANGUAGE_STANDARD = "gnu++0x";
				CLANG_CXX_LIBRARY = "libc++";
				CLANG_ENABLE_MODULES = YES;
				CLANG_ENABLE_OBJC_ARC = YES;
				CLANG_WARN_BOOL_CONVERSION = YES;
				CLANG_WARN_CONSTANT_CONVERSION = YES;
				CLANG_WARN_DIRECT_OBJC_ISA_USAGE = YES_ERROR;
				CLANG_WARN_EMPTY_BODY = YES;
				CLANG_WARN_ENUM_CONVERSION = YES;
				CLANG_WARN_INT_CONVERSION = YES;
				CLANG_WARN_OBJC_ROOT_CLASS = YES_ERROR;
				CLANG_WARN_UNREACHABLE_CODE = YES;
				CLANG_WARN__DUPLICATE_METHOD_MATCH = YES;
				"CODE_SIGN_IDENTITY[sdk=iphoneos*]" = "iPhone Developer";
				COPY_PHASE_STRIP = NO;
				ENABLE_NS_ASSERTIONS = NO;
				ENABLE_STRICT_OBJC_MSGSEND = YES;
				GCC_C_LANGUAGE_STANDARD = gnu99;
				GCC_WARN_64_TO_32_BIT_CONVERSION = YES;
				GCC_WARN_ABOUT_RETURN_TYPE = YES_ERROR;
				GCC_WARN_UNDECLARED_SELECTOR = YES;
				GCC_WARN_UNINITIALIZED_AUTOS = YES_AGGRESSIVE;
				GCC_WARN_UNUSED_FUNCTION = YES;
				GCC_WARN_UNUSED_VARIABLE = YES;
				IPHONEOS_DEPLOYMENT_TARGET = 8.2;
				MTL_ENABLE_DEBUG_INFO = NO;
				SDKROOT = iphoneos;
				VALIDATE_PRODUCT = YES;
			};
			name = Release;
		};
		2B82C11B1ACA6097009488C3 /* Debug */ = {
			isa = XCBuildConfiguration;
			buildSettings = {
				ASSETCATALOG_COMPILER_APPICON_NAME = AppIcon;
				INFOPLIST_FILE = "Cat Years/Info.plist";
				LD_RUNPATH_SEARCH_PATHS = "$(inherited) @executable_path/Frameworks";
				PRODUCT_BUNDLE_IDENTIFIER = "com.edtechl.$(PRODUCT_NAME:rfc1034identifier)";
				PRODUCT_NAME = "$(TARGET_NAME)";
			};
			name = Debug;
		};
		2B82C11C1ACA6097009488C3 /* Release */ = {
			isa = XCBuildConfiguration;
			buildSettings = {
				ASSETCATALOG_COMPILER_APPICON_NAME = AppIcon;
				INFOPLIST_FILE = "Cat Years/Info.plist";
				LD_RUNPATH_SEARCH_PATHS = "$(inherited) @executable_path/Frameworks";
				PRODUCT_BUNDLE_IDENTIFIER = "com.edtechl.$(PRODUCT_NAME:rfc1034identifier)";
				PRODUCT_NAME = "$(TARGET_NAME)";
			};
			name = Release;
		};
		2B82C11E1ACA6097009488C3 /* Debug */ = {
			isa = XCBuildConfiguration;
			buildSettings = {
				BUNDLE_LOADER = "$(TEST_HOST)";
				FRAMEWORK_SEARCH_PATHS = (
					"$(SDKROOT)/Developer/Library/Frameworks",
					"$(inherited)",
				);
				GCC_PREPROCESSOR_DEFINITIONS = (
					"DEBUG=1",
					"$(inherited)",
				);
				INFOPLIST_FILE = "Cat YearsTests/Info.plist";
				LD_RUNPATH_SEARCH_PATHS = "$(inherited) @executable_path/Frameworks @loader_path/Frameworks";
				PRODUCT_BUNDLE_IDENTIFIER = "com.edtechl.$(PRODUCT_NAME:rfc1034identifier)";
				PRODUCT_NAME = "$(TARGET_NAME)";
				TEST_HOST = "$(BUILT_PRODUCTS_DIR)/Cat Years.app/Cat Years";
			};
			name = Debug;
		};
		2B82C11F1ACA6097009488C3 /* Release */ = {
			isa = XCBuildConfiguration;
			buildSettings = {
				BUNDLE_LOADER = "$(TEST_HOST)";
				FRAMEWORK_SEARCH_PATHS = (
					"$(SDKROOT)/Developer/Library/Frameworks",
					"$(inherited)",
				);
				INFOPLIST_FILE = "Cat YearsTests/Info.plist";
				LD_RUNPATH_SEARCH_PATHS = "$(inherited) @executable_path/Frameworks @loader_path/Frameworks";
				PRODUCT_BUNDLE_IDENTIFIER = "com.edtechl.$(PRODUCT_NAME:rfc1034identifier)";
				PRODUCT_NAME = "$(TARGET_NAME)";
				TEST_HOST = "$(BUILT_PRODUCTS_DIR)/Cat Years.app/Cat Years";
			};
			name = Release;
		};
/* End XCBuildConfiguration section */

/* Begin XCConfigurationList section */
		2B82C0F61ACA6097009488C3 /* Build configuration list for PBXProject "Cat Years" */ = {
			isa = XCConfigurationList;
			buildConfigurations = (
				2B82C1181ACA6097009488C3 /* Debug */,
				2B82C1191ACA6097009488C3 /* Release */,
			);
			defaultConfigurationIsVisible = 0;
			defaultConfigurationName = Release;
		};
		2B82C11A1ACA6097009488C3 /* Build configuration list for PBXNativeTarget "Cat Years" */ = {
			isa = XCConfigurationList;
			buildConfigurations = (
				2B82C11B1ACA6097009488C3 /* Debug */,
				2B82C11C1ACA6097009488C3 /* Release */,
			);
			defaultConfigurationIsVisible = 0;
			defaultConfigurationName = Release;
		};
		2B82C11D1ACA6097009488C3 /* Build configuration list for PBXNativeTarget "Cat YearsTests" */ = {
			isa = XCConfigurationList;
			buildConfigurations = (
				2B82C11E1ACA6097009488C3 /* Debug */,
				2B82C11F1ACA6097009488C3 /* Release */,
			);
			defaultConfigurationIsVisible = 0;
			defaultConfigurationName = Release;
		};
/* End XCConfigurationList section */
	};
	rootObject = 2B82C0F31ACA6097009488C3 /* Project object */;
}
